
Microsoft Visual Studio Solution File, Format Version 12.00
# Visual Studio Version 17
VisualStudioVersion = 17.6.33829.357
MinimumVisualStudioVersion = 10.0.40219.1
Project("{FAE04EC0-301F-11D3-BF4B-00C04F79EFBC}") = "DemoTestWebAPI", "DemoTestWebAPI\DemoTestWebAPI.csproj", "{0B7284DA-4549-4A41-9E2C-0EE11C2FC4C6}"
EndProject
Global
	GlobalSection(SolutionConfigurationPlatforms) = preSolution
		Debug|Any CPU = Debug|Any CPU
		Release|Any CPU = Release|Any CPU
	EndGlobalSection
	GlobalSection(ProjectConfigurationPlatforms) = postSolution
		{0B7284DA-4549-4A41-9E2C-0EE11C2FC4C6}.Debug|Any CPU.ActiveCfg = Debug|Any CPU
		{0B7284DA-4549-4A41-9E2C-0EE11C2FC4C6}.Debug|Any CPU.Build.0 = Debug|Any CPU
		{0B7284DA-4549-4A41-9E2C-0EE11C2FC4C6}.Release|Any CPU.ActiveCfg = Release|Any CPU
		{0B7284DA-4549-4A41-9E2C-0EE11C2FC4C6}.Release|Any CPU.Build.0 = Release|Any CPU
	EndGlobalSection
	GlobalSection(SolutionProperties) = preSolution
		HideSolutionNode = FALSE
	EndGlobalSection
	GlobalSection(ExtensibilityGlobals) = postSolution
		SolutionGuid = {3AB71AE8-17C1-4C34-A407-02FB3FD6FF5B}
	EndGlobalSection
EndGlobal
